
Microsoft Visual Studio Solution File, Format Version 12.00
# Visual Studio Version 16
VisualStudioVersion = 16.0.30413.136
MinimumVisualStudioVersion = 10.0.40219.1
Project("{FAE04EC0-301F-11D3-BF4B-00C04F79EFBC}") = "VeteranAtlet", "VeteranAtlet\VeteranAtlet.csproj", "{5EA93CDF-DEF9-4F9D-A130-DF48E4E70E7A}"
EndProject
Global
	GlobalSection(SolutionConfigurationPlatforms) = preSolution
		Debug|Any CPU = Debug|Any CPU
		Release|Any CPU = Release|Any CPU
	EndGlobalSection
	GlobalSection(ProjectConfigurationPlatforms) = postSolution
		{5EA93CDF-DEF9-4F9D-A130-DF48E4E70E7A}.Debug|Any CPU.ActiveCfg = Debug|Any CPU
		{5EA93CDF-DEF9-4F9D-A130-DF48E4E70E7A}.Debug|Any CPU.Build.0 = Debug|Any CPU
		{5EA93CDF-DEF9-4F9D-A130-DF48E4E70E7A}.Release|Any CPU.ActiveCfg = Release|Any CPU
		{5EA93CDF-DEF9-4F9D-A130-DF48E4E70E7A}.Release|Any CPU.Build.0 = Release|Any CPU
	EndGlobalSection
	GlobalSection(SolutionProperties) = preSolution
		HideSolutionNode = FALSE
	EndGlobalSection
	GlobalSection(ExtensibilityGlobals) = postSolution
		SolutionGuid = {E0C71B46-1037-43F4-AF41-8D9162C414A7}
	EndGlobalSection
EndGlobal
